
Microsoft Visual Studio Solution File, Format Version 12.00
# Visual Studio Version 16
VisualStudioVersion = 16.0.29215.179
MinimumVisualStudioVersion = 10.0.40219.1
Project("{9A19103F-16F7-4668-BE54-9A1E7A4F7556}") = "SOS.Core", "SOS.Core\SOS.Core.csproj", "{53B69406-AD81-40CB-8955-CE088E5B9B6E}"
EndProject
Project("{9A19103F-16F7-4668-BE54-9A1E7A4F7556}") = "SOS.Hangfire.JobServer", "SOS.Hangfire.JobServer\SOS.Hangfire.JobServer.csproj", "{A0CC7353-2D06-4E8F-8265-73F3D01B004D}"
EndProject
Project("{9A19103F-16F7-4668-BE54-9A1E7A4F7556}") = "SOS.Hangfire.UI", "SOS.Hangfire.UI\SOS.Hangfire.UI.csproj", "{B39C0065-61EF-4A4B-B547-DFFBF59A5BBB}"
EndProject
Project("{9A19103F-16F7-4668-BE54-9A1E7A4F7556}") = "SOS.Core.Tests", "SOS.Core.Tests\SOS.Core.Tests.csproj", "{C3B3C42C-C94C-48EB-A2B3-4C09EEF97D48}"
EndProject
Project("{9A19103F-16F7-4668-BE54-9A1E7A4F7556}") = "SOS.Search.Service", "SOS.Search.Service\SOS.Search.Service.csproj", "{59E72323-E87D-4E06-8E58-4CC16B4BF729}"
EndProject
Project("{9A19103F-16F7-4668-BE54-9A1E7A4F7556}") = "SOS.Search.Service.Test", "SOS.Search.Service.Test\SOS.Search.Service.Test.csproj", "{390390E5-9BF7-4548-BDFC-8C640D74B42B}"
EndProject
Project("{9A19103F-16F7-4668-BE54-9A1E7A4F7556}") = "SOS.Import", "SOS.Import\SOS.Import.csproj", "{8BD7E736-60C6-4CF0-97A6-A5785A5588A1}"
EndProject
Project("{9A19103F-16F7-4668-BE54-9A1E7A4F7556}") = "SOS.Import.Test", "SOS.Import.Test\SOS.Import.Test.csproj", "{D2DD0248-EE2F-42AF-9871-ADE5DCCFADF9}"
EndProject
Project("{9A19103F-16F7-4668-BE54-9A1E7A4F7556}") = "SOS.Process", "SOS.Process\SOS.Process.csproj", "{ACEF9C11-AD41-4FA4-8FEA-58AC64DB37E1}"
EndProject
Project("{9A19103F-16F7-4668-BE54-9A1E7A4F7556}") = "SOS.Process.Test", "SOS.Process.Test\SOS.Process.Test.csproj", "{ED63AEE4-6BDC-467B-A760-F532832DAADB}"
EndProject
Project("{9A19103F-16F7-4668-BE54-9A1E7A4F7556}") = "SOS.Export.Test", "SOS.Export.Test\SOS.Export.Test.csproj", "{6851265E-D50F-4083-BAB5-EDB4AC5D1EA4}"
EndProject
Project("{9A19103F-16F7-4668-BE54-9A1E7A4F7556}") = "SOS.Lib", "SOS.lib\SOS.Lib.csproj", "{ACA596A8-10BA-41AA-B215-D593E518475A}"
EndProject
Project("{9A19103F-16F7-4668-BE54-9A1E7A4F7556}") = "SOS.Export", "SOS.Export\SOS.Export.csproj", "{78037770-6CCB-4D5A-84DC-250D77276F7C}"
EndProject
Global
	GlobalSection(SolutionConfigurationPlatforms) = preSolution
		Debug|Any CPU = Debug|Any CPU
		Release|Any CPU = Release|Any CPU
	EndGlobalSection
	GlobalSection(ProjectConfigurationPlatforms) = postSolution
		{53B69406-AD81-40CB-8955-CE088E5B9B6E}.Debug|Any CPU.ActiveCfg = Debug|Any CPU
		{53B69406-AD81-40CB-8955-CE088E5B9B6E}.Debug|Any CPU.Build.0 = Debug|Any CPU
		{53B69406-AD81-40CB-8955-CE088E5B9B6E}.Release|Any CPU.ActiveCfg = Release|Any CPU
		{53B69406-AD81-40CB-8955-CE088E5B9B6E}.Release|Any CPU.Build.0 = Release|Any CPU
		{A0CC7353-2D06-4E8F-8265-73F3D01B004D}.Debug|Any CPU.ActiveCfg = Debug|Any CPU
		{A0CC7353-2D06-4E8F-8265-73F3D01B004D}.Debug|Any CPU.Build.0 = Debug|Any CPU
		{A0CC7353-2D06-4E8F-8265-73F3D01B004D}.Release|Any CPU.ActiveCfg = Release|Any CPU
		{A0CC7353-2D06-4E8F-8265-73F3D01B004D}.Release|Any CPU.Build.0 = Release|Any CPU
		{B39C0065-61EF-4A4B-B547-DFFBF59A5BBB}.Debug|Any CPU.ActiveCfg = Debug|Any CPU
		{B39C0065-61EF-4A4B-B547-DFFBF59A5BBB}.Debug|Any CPU.Build.0 = Debug|Any CPU
		{B39C0065-61EF-4A4B-B547-DFFBF59A5BBB}.Release|Any CPU.ActiveCfg = Release|Any CPU
		{B39C0065-61EF-4A4B-B547-DFFBF59A5BBB}.Release|Any CPU.Build.0 = Release|Any CPU
		{C3B3C42C-C94C-48EB-A2B3-4C09EEF97D48}.Debug|Any CPU.ActiveCfg = Debug|Any CPU
		{C3B3C42C-C94C-48EB-A2B3-4C09EEF97D48}.Debug|Any CPU.Build.0 = Debug|Any CPU
		{C3B3C42C-C94C-48EB-A2B3-4C09EEF97D48}.Release|Any CPU.ActiveCfg = Release|Any CPU
		{C3B3C42C-C94C-48EB-A2B3-4C09EEF97D48}.Release|Any CPU.Build.0 = Release|Any CPU
		{59E72323-E87D-4E06-8E58-4CC16B4BF729}.Debug|Any CPU.ActiveCfg = Debug|Any CPU
		{59E72323-E87D-4E06-8E58-4CC16B4BF729}.Debug|Any CPU.Build.0 = Debug|Any CPU
		{59E72323-E87D-4E06-8E58-4CC16B4BF729}.Release|Any CPU.ActiveCfg = Release|Any CPU
		{59E72323-E87D-4E06-8E58-4CC16B4BF729}.Release|Any CPU.Build.0 = Release|Any CPU
		{390390E5-9BF7-4548-BDFC-8C640D74B42B}.Debug|Any CPU.ActiveCfg = Debug|Any CPU
		{390390E5-9BF7-4548-BDFC-8C640D74B42B}.Debug|Any CPU.Build.0 = Debug|Any CPU
		{390390E5-9BF7-4548-BDFC-8C640D74B42B}.Release|Any CPU.ActiveCfg = Release|Any CPU
		{390390E5-9BF7-4548-BDFC-8C640D74B42B}.Release|Any CPU.Build.0 = Release|Any CPU
		{8BD7E736-60C6-4CF0-97A6-A5785A5588A1}.Debug|Any CPU.ActiveCfg = Debug|Any CPU
		{8BD7E736-60C6-4CF0-97A6-A5785A5588A1}.Debug|Any CPU.Build.0 = Debug|Any CPU
		{8BD7E736-60C6-4CF0-97A6-A5785A5588A1}.Release|Any CPU.ActiveCfg = Release|Any CPU
		{8BD7E736-60C6-4CF0-97A6-A5785A5588A1}.Release|Any CPU.Build.0 = Release|Any CPU
		{D2DD0248-EE2F-42AF-9871-ADE5DCCFADF9}.Debug|Any CPU.ActiveCfg = Debug|Any CPU
		{D2DD0248-EE2F-42AF-9871-ADE5DCCFADF9}.Debug|Any CPU.Build.0 = Debug|Any CPU
		{D2DD0248-EE2F-42AF-9871-ADE5DCCFADF9}.Release|Any CPU.ActiveCfg = Release|Any CPU
		{D2DD0248-EE2F-42AF-9871-ADE5DCCFADF9}.Release|Any CPU.Build.0 = Release|Any CPU
		{ACEF9C11-AD41-4FA4-8FEA-58AC64DB37E1}.Debug|Any CPU.ActiveCfg = Debug|Any CPU
		{ACEF9C11-AD41-4FA4-8FEA-58AC64DB37E1}.Debug|Any CPU.Build.0 = Debug|Any CPU
		{ACEF9C11-AD41-4FA4-8FEA-58AC64DB37E1}.Release|Any CPU.ActiveCfg = Release|Any CPU
		{ACEF9C11-AD41-4FA4-8FEA-58AC64DB37E1}.Release|Any CPU.Build.0 = Release|Any CPU
		{ED63AEE4-6BDC-467B-A760-F532832DAADB}.Debug|Any CPU.ActiveCfg = Debug|Any CPU
		{ED63AEE4-6BDC-467B-A760-F532832DAADB}.Debug|Any CPU.Build.0 = Debug|Any CPU
		{ED63AEE4-6BDC-467B-A760-F532832DAADB}.Release|Any CPU.ActiveCfg = Release|Any CPU
		{ED63AEE4-6BDC-467B-A760-F532832DAADB}.Release|Any CPU.Build.0 = Release|Any CPU
		{6851265E-D50F-4083-BAB5-EDB4AC5D1EA4}.Debug|Any CPU.ActiveCfg = Debug|Any CPU
		{6851265E-D50F-4083-BAB5-EDB4AC5D1EA4}.Debug|Any CPU.Build.0 = Debug|Any CPU
		{6851265E-D50F-4083-BAB5-EDB4AC5D1EA4}.Release|Any CPU.ActiveCfg = Release|Any CPU
		{6851265E-D50F-4083-BAB5-EDB4AC5D1EA4}.Release|Any CPU.Build.0 = Release|Any CPU
		{ACA596A8-10BA-41AA-B215-D593E518475A}.Debug|Any CPU.ActiveCfg = Debug|Any CPU
		{ACA596A8-10BA-41AA-B215-D593E518475A}.Debug|Any CPU.Build.0 = Debug|Any CPU
		{ACA596A8-10BA-41AA-B215-D593E518475A}.Release|Any CPU.ActiveCfg = Release|Any CPU
		{ACA596A8-10BA-41AA-B215-D593E518475A}.Release|Any CPU.Build.0 = Release|Any CPU
		{78037770-6CCB-4D5A-84DC-250D77276F7C}.Debug|Any CPU.ActiveCfg = Debug|Any CPU
		{78037770-6CCB-4D5A-84DC-250D77276F7C}.Debug|Any CPU.Build.0 = Debug|Any CPU
		{78037770-6CCB-4D5A-84DC-250D77276F7C}.Release|Any CPU.ActiveCfg = Release|Any CPU
		{78037770-6CCB-4D5A-84DC-250D77276F7C}.Release|Any CPU.Build.0 = Release|Any CPU
	EndGlobalSection
	GlobalSection(SolutionProperties) = preSolution
		HideSolutionNode = FALSE
	EndGlobalSection
	GlobalSection(ExtensibilityGlobals) = postSolution
		SolutionGuid = {7CBCE6ED-CC4F-4B55-913F-1231086E92FE}
	EndGlobalSection
EndGlobal
