
Microsoft Visual Studio Solution File, Format Version 12.00
# Visual Studio Version 17
VisualStudioVersion = 17.0.31903.59
MinimumVisualStudioVersion = 10.0.40219.1
Project("{9A19103F-16F7-4668-BE54-9A1E7A4F7556}") = "SOS.Hangfire.JobServer", "Src\SOS.Hangfire.JobServer\SOS.Hangfire.JobServer.csproj", "{A0CC7353-2D06-4E8F-8265-73F3D01B004D}"
EndProject
Project("{9A19103F-16F7-4668-BE54-9A1E7A4F7556}") = "SOS.Import.UnitTests", "Tests\Unit\SOS.Import.UnitTests\SOS.Import.UnitTests.csproj", "{D2DD0248-EE2F-42AF-9871-ADE5DCCFADF9}"
EndProject
Project("{9A19103F-16F7-4668-BE54-9A1E7A4F7556}") = "SOS.Process.UnitTests", "Tests\Unit\SOS.Process.UnitTests\SOS.Process.UnitTests.csproj", "{ED63AEE4-6BDC-467B-A760-F532832DAADB}"
EndProject
Project("{9A19103F-16F7-4668-BE54-9A1E7A4F7556}") = "SOS.Export.UnitTests", "Tests\Unit\SOS.Export.UnitTests\SOS.Export.UnitTests.csproj", "{6851265E-D50F-4083-BAB5-EDB4AC5D1EA4}"
EndProject
Project("{9A19103F-16F7-4668-BE54-9A1E7A4F7556}") = "SOS.Lib", "Src\SOS.lib\SOS.Lib.csproj", "{ACA596A8-10BA-41AA-B215-D593E518475A}"
EndProject
Project("{9A19103F-16F7-4668-BE54-9A1E7A4F7556}") = "SOS.Export", "Src\SOS.Export\SOS.Export.csproj", "{78037770-6CCB-4D5A-84DC-250D77276F7C}"
EndProject
Project("{2150E333-8FDC-42A3-9474-1A3956D46DE8}") = "Docs", "Docs", "{7768AF04-80A0-45EA-A4FD-821937C8DC79}"
	ProjectSection(SolutionItems) = preProject
		_config.yml = _config.yml
		Docs\Areas.md = Docs\Areas.md
		Docs\Authentication.md = Docs\Authentication.md
		CHANGELOG.md = CHANGELOG.md
		Docs\Dataflow.md = Docs\Dataflow.md
		Docs\DataProviders.md = Docs\DataProviders.md
		Docs\Endpoints.md = Docs\Endpoints.md
		Docs\Exports.md = Docs\Exports.md
		Docs\FAQ.md = Docs\FAQ.md
		Docs\FieldSets.md = Docs\FieldSets.md
		Docs\FlatObservation.md = Docs\FlatObservation.md
		Docs\GeoServerInfrastructure.md = Docs\GeoServerInfrastructure.md
		Docs\Harvest.md = Docs\Harvest.md
		Docs\index.md = Docs\index.md
		Docs\Install.md = Docs\Install.md
		LICENSE = LICENSE
		Docs\Observation.md = Docs\Observation.md
		README.md = README.md
		Docs\SearchFilter.md = Docs\SearchFilter.md
		Docs\Vocabularies.md = Docs\Vocabularies.md
	EndProjectSection
EndProject
Project("{2150E333-8FDC-42A3-9474-1A3956D46DE8}") = "Diagrams", "Diagrams", "{A173A436-C08B-4D4C-8245-09C0A037B6A7}"
	ProjectSection(SolutionItems) = preProject
		Documentation\Diagrams\ArtportalenHarvestJob - SequenceDiagram.puml = Documentation\Diagrams\ArtportalenHarvestJob - SequenceDiagram.puml
		Documentation\Diagrams\Job Server Component Diagram.puml = Documentation\Diagrams\Job Server Component Diagram.puml
		Documentation\Diagrams\KulHarvestJob - SequenceDiagram.puml = Documentation\Diagrams\KulHarvestJob - SequenceDiagram.puml
		Documentation\Diagrams\Observation API Component Diagram.puml = Documentation\Diagrams\Observation API Component Diagram.puml
		Documentation\Diagrams\SOS Container Diagram.puml = Documentation\Diagrams\SOS Container Diagram.puml
	EndProjectSection
EndProject
Project("{2150E333-8FDC-42A3-9474-1A3956D46DE8}") = "Src", "Src", "{A1FE1227-E3C9-455B-9F43-FEEEFB131B25}"
EndProject
Project("{2150E333-8FDC-42A3-9474-1A3956D46DE8}") = "Tests", "Tests", "{7C2C0ABC-542C-47C2-86C0-C3EDE2C0DC90}"
EndProject
Project("{2150E333-8FDC-42A3-9474-1A3956D46DE8}") = "Unit", "Unit", "{E71FD295-A777-4518-AEB9-6E5E8D1097B0}"
EndProject
Project("{2150E333-8FDC-42A3-9474-1A3956D46DE8}") = "Integration", "Integration", "{A3C5E4A0-5599-48B7-BE17-07E19D585ACE}"
EndProject
Project("{9A19103F-16F7-4668-BE54-9A1E7A4F7556}") = "SOS.Export.IntegrationTests", "Tests\Integration\SOS.Export.IntegrationTests\SOS.Export.IntegrationTests.csproj", "{45A02CCC-5E06-45C8-AA50-E2C7A79AD407}"
EndProject
Project("{9A19103F-16F7-4668-BE54-9A1E7A4F7556}") = "SOS.Import.IntegrationTests", "Tests\Integration\SOS.Import.IntegrationTests\SOS.Import.IntegrationTests.csproj", "{419D5FA2-0FFB-4BB4-BE18-7CC627D31C7E}"
EndProject
Project("{9A19103F-16F7-4668-BE54-9A1E7A4F7556}") = "SOS.Process.IntegrationTests", "Tests\Integration\SOS.Process.IntegrationTests\SOS.Process.IntegrationTests.csproj", "{6D6ED655-603E-4E0D-8FA5-43176A64A674}"
EndProject
Project("{9A19103F-16F7-4668-BE54-9A1E7A4F7556}") = "SOS.TestHelpers", "Tests\TestHelpers\SOS.TestHelpers\SOS.TestHelpers.csproj", "{28571B85-2E06-4196-A584-E6E8B34C4618}"
EndProject
Project("{2150E333-8FDC-42A3-9474-1A3956D46DE8}") = "Helpers", "Helpers", "{A5F589FE-B34F-42BC-B284-30A9629C2ABB}"
EndProject
Project("{9A19103F-16F7-4668-BE54-9A1E7A4F7556}") = "SOS.Lib.UnitTests", "Tests\Unit\SOS.Lib.UnitTests\SOS.Lib.UnitTests.csproj", "{60FA637D-7C9D-404C-A889-EE0523CDA1FA}"
EndProject
Project("{2150E333-8FDC-42A3-9474-1A3956D46DE8}") = "External", "External", "{EB943C35-5151-43DC-BB05-362A078B0AFE}"
EndProject
Project("{9A19103F-16F7-4668-BE54-9A1E7A4F7556}") = "DwC-A_dotnet", "Src\External\DwC-A_dotnet\DwC-A_dotnet.csproj", "{CE137100-E27D-4662-860D-F152AD9FC25C}"
EndProject
Project("{9A19103F-16F7-4668-BE54-9A1E7A4F7556}") = "SOS.Administration.Api", "Src\SOS.Administration.Api\SOS.Administration.Api.csproj", "{6A067AE3-6D54-4A0A-891B-256DB1B68B96}"
EndProject
Project("{9A19103F-16F7-4668-BE54-9A1E7A4F7556}") = "SOS.Observations.Api", "Src\SOS.Observations.Api\SOS.Observations.Api.csproj", "{3AF27B20-8F97-469D-BD31-58AD3636635A}"
EndProject
Project("{9A19103F-16F7-4668-BE54-9A1E7A4F7556}") = "SOS.Observations.Api.IntegrationTests", "Tests\Integration\SOS.Observations.Api.IntegrationTests\SOS.Observations.Api.IntegrationTests.csproj", "{73ED84F1-EE76-4A74-B263-C9E4D7A0BCFA}"
EndProject
Project("{9A19103F-16F7-4668-BE54-9A1E7A4F7556}") = "SOS.Observations.Api.UnitTests", "Tests\Unit\SOS.Observations.Api.UnitTests\SOS.Observations.Api.UnitTests.csproj", "{147DAE82-B72C-49AF-B2A6-584BE4F5202C}"
EndProject
Project("{9A19103F-16F7-4668-BE54-9A1E7A4F7556}") = "SOS.DOI", "Src\SOS.DOI\SOS.DOI.csproj", "{05F2617D-C213-4873-9931-EDB0BA94D1A7}"
EndProject
Project("{9A19103F-16F7-4668-BE54-9A1E7A4F7556}") = "SOS.Administration.Gui", "Src\SOS.Administration.Gui\SOS.Administration.Gui.csproj", "{AAA7366B-2B82-4349-92F5-74BA9F8A38B4}"
EndProject
Project("{2150E333-8FDC-42A3-9474-1A3956D46DE8}") = "EndToEnd", "EndToEnd", "{D64F2BE7-6B3C-4393-97FE-B8046FE449BF}"
EndProject
Project("{9A19103F-16F7-4668-BE54-9A1E7A4F7556}") = "SOS.Observations.Api.EndToEndTests", "Tests\EndToEnd\SOS.Observations.Api.EndToEndTests\SOS.Observations.Api.EndToEndTests.csproj", "{32244B4B-C247-47A9-8865-A22BC62B6AAF}"
EndProject
Project("{2150E333-8FDC-42A3-9474-1A3956D46DE8}") = "Dev", "Dev", "{B9A973D1-C01B-42AE-AC5B-FA9B2FC64824}"
	ProjectSection(SolutionItems) = preProject
		Docs\Dev\Vocabularies.md = Docs\Dev\Vocabularies.md
	EndProjectSection
EndProject
Project("{9A19103F-16F7-4668-BE54-9A1E7A4F7556}") = "SOS.ElasticSearch.Proxy", "Src\SOS.ElasticSearch.Proxy\SOS.ElasticSearch.Proxy.csproj", "{A999A1AE-EE37-4B9A-B4D3-DCFB2C5FCBFB}"
EndProject
Project("{9A19103F-16F7-4668-BE54-9A1E7A4F7556}") = "SOS.Harvest", "Src\SOS.Harvest\SOS.Harvest.csproj", "{C7358B1B-F227-4D52-91E7-59CF0B24507E}"
EndProject
Project("{9A19103F-16F7-4668-BE54-9A1E7A4F7556}") = "SOS.AutomaticIntegrationTests", "Tests\Integration\SOS.AutomaticIntegrationTests\SOS.AutomaticIntegrationTests.csproj", "{54507E17-2CDF-4686-940E-BE1EB727C814}"
EndProject
Global
	GlobalSection(SolutionConfigurationPlatforms) = preSolution
		Debug|Any CPU = Debug|Any CPU
		Release|Any CPU = Release|Any CPU
	EndGlobalSection
	GlobalSection(ProjectConfigurationPlatforms) = postSolution
		{A0CC7353-2D06-4E8F-8265-73F3D01B004D}.Debug|Any CPU.ActiveCfg = Debug|Any CPU
		{A0CC7353-2D06-4E8F-8265-73F3D01B004D}.Debug|Any CPU.Build.0 = Debug|Any CPU
		{A0CC7353-2D06-4E8F-8265-73F3D01B004D}.Release|Any CPU.ActiveCfg = Release|Any CPU
		{A0CC7353-2D06-4E8F-8265-73F3D01B004D}.Release|Any CPU.Build.0 = Release|Any CPU
		{D2DD0248-EE2F-42AF-9871-ADE5DCCFADF9}.Debug|Any CPU.ActiveCfg = Debug|Any CPU
		{D2DD0248-EE2F-42AF-9871-ADE5DCCFADF9}.Debug|Any CPU.Build.0 = Debug|Any CPU
		{D2DD0248-EE2F-42AF-9871-ADE5DCCFADF9}.Release|Any CPU.ActiveCfg = Release|Any CPU
		{D2DD0248-EE2F-42AF-9871-ADE5DCCFADF9}.Release|Any CPU.Build.0 = Release|Any CPU
		{ED63AEE4-6BDC-467B-A760-F532832DAADB}.Debug|Any CPU.ActiveCfg = Debug|Any CPU
		{ED63AEE4-6BDC-467B-A760-F532832DAADB}.Debug|Any CPU.Build.0 = Debug|Any CPU
		{ED63AEE4-6BDC-467B-A760-F532832DAADB}.Release|Any CPU.ActiveCfg = Release|Any CPU
		{ED63AEE4-6BDC-467B-A760-F532832DAADB}.Release|Any CPU.Build.0 = Release|Any CPU
		{6851265E-D50F-4083-BAB5-EDB4AC5D1EA4}.Debug|Any CPU.ActiveCfg = Debug|Any CPU
		{6851265E-D50F-4083-BAB5-EDB4AC5D1EA4}.Debug|Any CPU.Build.0 = Debug|Any CPU
		{6851265E-D50F-4083-BAB5-EDB4AC5D1EA4}.Release|Any CPU.ActiveCfg = Release|Any CPU
		{6851265E-D50F-4083-BAB5-EDB4AC5D1EA4}.Release|Any CPU.Build.0 = Release|Any CPU
		{ACA596A8-10BA-41AA-B215-D593E518475A}.Debug|Any CPU.ActiveCfg = Debug|Any CPU
		{ACA596A8-10BA-41AA-B215-D593E518475A}.Debug|Any CPU.Build.0 = Debug|Any CPU
		{ACA596A8-10BA-41AA-B215-D593E518475A}.Release|Any CPU.ActiveCfg = Release|Any CPU
		{ACA596A8-10BA-41AA-B215-D593E518475A}.Release|Any CPU.Build.0 = Release|Any CPU
		{78037770-6CCB-4D5A-84DC-250D77276F7C}.Debug|Any CPU.ActiveCfg = Debug|Any CPU
		{78037770-6CCB-4D5A-84DC-250D77276F7C}.Debug|Any CPU.Build.0 = Debug|Any CPU
		{78037770-6CCB-4D5A-84DC-250D77276F7C}.Release|Any CPU.ActiveCfg = Release|Any CPU
		{78037770-6CCB-4D5A-84DC-250D77276F7C}.Release|Any CPU.Build.0 = Release|Any CPU
		{45A02CCC-5E06-45C8-AA50-E2C7A79AD407}.Debug|Any CPU.ActiveCfg = Debug|Any CPU
		{45A02CCC-5E06-45C8-AA50-E2C7A79AD407}.Debug|Any CPU.Build.0 = Debug|Any CPU
		{45A02CCC-5E06-45C8-AA50-E2C7A79AD407}.Release|Any CPU.ActiveCfg = Release|Any CPU
		{45A02CCC-5E06-45C8-AA50-E2C7A79AD407}.Release|Any CPU.Build.0 = Release|Any CPU
		{419D5FA2-0FFB-4BB4-BE18-7CC627D31C7E}.Debug|Any CPU.ActiveCfg = Debug|Any CPU
		{419D5FA2-0FFB-4BB4-BE18-7CC627D31C7E}.Debug|Any CPU.Build.0 = Debug|Any CPU
		{419D5FA2-0FFB-4BB4-BE18-7CC627D31C7E}.Release|Any CPU.ActiveCfg = Release|Any CPU
		{419D5FA2-0FFB-4BB4-BE18-7CC627D31C7E}.Release|Any CPU.Build.0 = Release|Any CPU
		{6D6ED655-603E-4E0D-8FA5-43176A64A674}.Debug|Any CPU.ActiveCfg = Debug|Any CPU
		{6D6ED655-603E-4E0D-8FA5-43176A64A674}.Debug|Any CPU.Build.0 = Debug|Any CPU
		{6D6ED655-603E-4E0D-8FA5-43176A64A674}.Release|Any CPU.ActiveCfg = Release|Any CPU
		{6D6ED655-603E-4E0D-8FA5-43176A64A674}.Release|Any CPU.Build.0 = Release|Any CPU
		{28571B85-2E06-4196-A584-E6E8B34C4618}.Debug|Any CPU.ActiveCfg = Debug|Any CPU
		{28571B85-2E06-4196-A584-E6E8B34C4618}.Debug|Any CPU.Build.0 = Debug|Any CPU
		{28571B85-2E06-4196-A584-E6E8B34C4618}.Release|Any CPU.ActiveCfg = Release|Any CPU
		{28571B85-2E06-4196-A584-E6E8B34C4618}.Release|Any CPU.Build.0 = Release|Any CPU
		{60FA637D-7C9D-404C-A889-EE0523CDA1FA}.Debug|Any CPU.ActiveCfg = Debug|Any CPU
		{60FA637D-7C9D-404C-A889-EE0523CDA1FA}.Debug|Any CPU.Build.0 = Debug|Any CPU
		{60FA637D-7C9D-404C-A889-EE0523CDA1FA}.Release|Any CPU.ActiveCfg = Release|Any CPU
		{60FA637D-7C9D-404C-A889-EE0523CDA1FA}.Release|Any CPU.Build.0 = Release|Any CPU
		{CE137100-E27D-4662-860D-F152AD9FC25C}.Debug|Any CPU.ActiveCfg = Debug|Any CPU
		{CE137100-E27D-4662-860D-F152AD9FC25C}.Debug|Any CPU.Build.0 = Debug|Any CPU
		{CE137100-E27D-4662-860D-F152AD9FC25C}.Release|Any CPU.ActiveCfg = Release|Any CPU
		{CE137100-E27D-4662-860D-F152AD9FC25C}.Release|Any CPU.Build.0 = Release|Any CPU
		{6A067AE3-6D54-4A0A-891B-256DB1B68B96}.Debug|Any CPU.ActiveCfg = Debug|Any CPU
		{6A067AE3-6D54-4A0A-891B-256DB1B68B96}.Debug|Any CPU.Build.0 = Debug|Any CPU
		{6A067AE3-6D54-4A0A-891B-256DB1B68B96}.Release|Any CPU.ActiveCfg = Release|Any CPU
		{6A067AE3-6D54-4A0A-891B-256DB1B68B96}.Release|Any CPU.Build.0 = Release|Any CPU
		{3AF27B20-8F97-469D-BD31-58AD3636635A}.Debug|Any CPU.ActiveCfg = Debug|Any CPU
		{3AF27B20-8F97-469D-BD31-58AD3636635A}.Debug|Any CPU.Build.0 = Debug|Any CPU
		{3AF27B20-8F97-469D-BD31-58AD3636635A}.Release|Any CPU.ActiveCfg = Release|Any CPU
		{3AF27B20-8F97-469D-BD31-58AD3636635A}.Release|Any CPU.Build.0 = Release|Any CPU
		{73ED84F1-EE76-4A74-B263-C9E4D7A0BCFA}.Debug|Any CPU.ActiveCfg = Debug|Any CPU
		{73ED84F1-EE76-4A74-B263-C9E4D7A0BCFA}.Debug|Any CPU.Build.0 = Debug|Any CPU
		{73ED84F1-EE76-4A74-B263-C9E4D7A0BCFA}.Release|Any CPU.ActiveCfg = Release|Any CPU
		{73ED84F1-EE76-4A74-B263-C9E4D7A0BCFA}.Release|Any CPU.Build.0 = Release|Any CPU
		{147DAE82-B72C-49AF-B2A6-584BE4F5202C}.Debug|Any CPU.ActiveCfg = Debug|Any CPU
		{147DAE82-B72C-49AF-B2A6-584BE4F5202C}.Debug|Any CPU.Build.0 = Debug|Any CPU
		{147DAE82-B72C-49AF-B2A6-584BE4F5202C}.Release|Any CPU.ActiveCfg = Release|Any CPU
		{147DAE82-B72C-49AF-B2A6-584BE4F5202C}.Release|Any CPU.Build.0 = Release|Any CPU
		{05F2617D-C213-4873-9931-EDB0BA94D1A7}.Debug|Any CPU.ActiveCfg = Debug|Any CPU
		{05F2617D-C213-4873-9931-EDB0BA94D1A7}.Debug|Any CPU.Build.0 = Debug|Any CPU
		{05F2617D-C213-4873-9931-EDB0BA94D1A7}.Release|Any CPU.ActiveCfg = Release|Any CPU
		{05F2617D-C213-4873-9931-EDB0BA94D1A7}.Release|Any CPU.Build.0 = Release|Any CPU
		{AAA7366B-2B82-4349-92F5-74BA9F8A38B4}.Debug|Any CPU.ActiveCfg = Debug|Any CPU
		{AAA7366B-2B82-4349-92F5-74BA9F8A38B4}.Debug|Any CPU.Build.0 = Debug|Any CPU
		{AAA7366B-2B82-4349-92F5-74BA9F8A38B4}.Release|Any CPU.ActiveCfg = Release|Any CPU
		{AAA7366B-2B82-4349-92F5-74BA9F8A38B4}.Release|Any CPU.Build.0 = Release|Any CPU
		{32244B4B-C247-47A9-8865-A22BC62B6AAF}.Debug|Any CPU.ActiveCfg = Debug|Any CPU
		{32244B4B-C247-47A9-8865-A22BC62B6AAF}.Debug|Any CPU.Build.0 = Debug|Any CPU
		{32244B4B-C247-47A9-8865-A22BC62B6AAF}.Release|Any CPU.ActiveCfg = Release|Any CPU
		{32244B4B-C247-47A9-8865-A22BC62B6AAF}.Release|Any CPU.Build.0 = Release|Any CPU
		{A999A1AE-EE37-4B9A-B4D3-DCFB2C5FCBFB}.Debug|Any CPU.ActiveCfg = Debug|Any CPU
		{A999A1AE-EE37-4B9A-B4D3-DCFB2C5FCBFB}.Debug|Any CPU.Build.0 = Debug|Any CPU
		{A999A1AE-EE37-4B9A-B4D3-DCFB2C5FCBFB}.Release|Any CPU.ActiveCfg = Release|Any CPU
		{A999A1AE-EE37-4B9A-B4D3-DCFB2C5FCBFB}.Release|Any CPU.Build.0 = Release|Any CPU
		{C7358B1B-F227-4D52-91E7-59CF0B24507E}.Debug|Any CPU.ActiveCfg = Debug|Any CPU
		{C7358B1B-F227-4D52-91E7-59CF0B24507E}.Debug|Any CPU.Build.0 = Debug|Any CPU
		{C7358B1B-F227-4D52-91E7-59CF0B24507E}.Release|Any CPU.ActiveCfg = Release|Any CPU
		{C7358B1B-F227-4D52-91E7-59CF0B24507E}.Release|Any CPU.Build.0 = Release|Any CPU
		{54507E17-2CDF-4686-940E-BE1EB727C814}.Debug|Any CPU.ActiveCfg = Debug|Any CPU
		{54507E17-2CDF-4686-940E-BE1EB727C814}.Debug|Any CPU.Build.0 = Debug|Any CPU
		{54507E17-2CDF-4686-940E-BE1EB727C814}.Release|Any CPU.ActiveCfg = Release|Any CPU
		{54507E17-2CDF-4686-940E-BE1EB727C814}.Release|Any CPU.Build.0 = Release|Any CPU
	EndGlobalSection
	GlobalSection(SolutionProperties) = preSolution
		HideSolutionNode = FALSE
	EndGlobalSection
	GlobalSection(NestedProjects) = preSolution
		{A0CC7353-2D06-4E8F-8265-73F3D01B004D} = {A1FE1227-E3C9-455B-9F43-FEEEFB131B25}
		{D2DD0248-EE2F-42AF-9871-ADE5DCCFADF9} = {E71FD295-A777-4518-AEB9-6E5E8D1097B0}
		{ED63AEE4-6BDC-467B-A760-F532832DAADB} = {E71FD295-A777-4518-AEB9-6E5E8D1097B0}
		{6851265E-D50F-4083-BAB5-EDB4AC5D1EA4} = {E71FD295-A777-4518-AEB9-6E5E8D1097B0}
		{ACA596A8-10BA-41AA-B215-D593E518475A} = {A1FE1227-E3C9-455B-9F43-FEEEFB131B25}
		{78037770-6CCB-4D5A-84DC-250D77276F7C} = {A1FE1227-E3C9-455B-9F43-FEEEFB131B25}
		{A173A436-C08B-4D4C-8245-09C0A037B6A7} = {7768AF04-80A0-45EA-A4FD-821937C8DC79}
		{E71FD295-A777-4518-AEB9-6E5E8D1097B0} = {7C2C0ABC-542C-47C2-86C0-C3EDE2C0DC90}
		{A3C5E4A0-5599-48B7-BE17-07E19D585ACE} = {7C2C0ABC-542C-47C2-86C0-C3EDE2C0DC90}
		{45A02CCC-5E06-45C8-AA50-E2C7A79AD407} = {A3C5E4A0-5599-48B7-BE17-07E19D585ACE}
		{419D5FA2-0FFB-4BB4-BE18-7CC627D31C7E} = {A3C5E4A0-5599-48B7-BE17-07E19D585ACE}
		{6D6ED655-603E-4E0D-8FA5-43176A64A674} = {A3C5E4A0-5599-48B7-BE17-07E19D585ACE}
		{28571B85-2E06-4196-A584-E6E8B34C4618} = {A5F589FE-B34F-42BC-B284-30A9629C2ABB}
		{A5F589FE-B34F-42BC-B284-30A9629C2ABB} = {7C2C0ABC-542C-47C2-86C0-C3EDE2C0DC90}
		{60FA637D-7C9D-404C-A889-EE0523CDA1FA} = {E71FD295-A777-4518-AEB9-6E5E8D1097B0}
		{EB943C35-5151-43DC-BB05-362A078B0AFE} = {A1FE1227-E3C9-455B-9F43-FEEEFB131B25}
		{CE137100-E27D-4662-860D-F152AD9FC25C} = {EB943C35-5151-43DC-BB05-362A078B0AFE}
		{6A067AE3-6D54-4A0A-891B-256DB1B68B96} = {A1FE1227-E3C9-455B-9F43-FEEEFB131B25}
		{3AF27B20-8F97-469D-BD31-58AD3636635A} = {A1FE1227-E3C9-455B-9F43-FEEEFB131B25}
		{73ED84F1-EE76-4A74-B263-C9E4D7A0BCFA} = {A3C5E4A0-5599-48B7-BE17-07E19D585ACE}
		{147DAE82-B72C-49AF-B2A6-584BE4F5202C} = {E71FD295-A777-4518-AEB9-6E5E8D1097B0}
		{05F2617D-C213-4873-9931-EDB0BA94D1A7} = {A1FE1227-E3C9-455B-9F43-FEEEFB131B25}
		{AAA7366B-2B82-4349-92F5-74BA9F8A38B4} = {A1FE1227-E3C9-455B-9F43-FEEEFB131B25}
		{D64F2BE7-6B3C-4393-97FE-B8046FE449BF} = {7C2C0ABC-542C-47C2-86C0-C3EDE2C0DC90}
		{32244B4B-C247-47A9-8865-A22BC62B6AAF} = {D64F2BE7-6B3C-4393-97FE-B8046FE449BF}
		{B9A973D1-C01B-42AE-AC5B-FA9B2FC64824} = {7768AF04-80A0-45EA-A4FD-821937C8DC79}
		{A999A1AE-EE37-4B9A-B4D3-DCFB2C5FCBFB} = {A1FE1227-E3C9-455B-9F43-FEEEFB131B25}
		{C7358B1B-F227-4D52-91E7-59CF0B24507E} = {A1FE1227-E3C9-455B-9F43-FEEEFB131B25}
		{54507E17-2CDF-4686-940E-BE1EB727C814} = {A3C5E4A0-5599-48B7-BE17-07E19D585ACE}
	EndGlobalSection
	GlobalSection(ExtensibilityGlobals) = postSolution
		SolutionGuid = {7CBCE6ED-CC4F-4B55-913F-1231086E92FE}
	EndGlobalSection
EndGlobal
