
Microsoft Visual Studio Solution File, Format Version 12.00
# Visual Studio Version 17
VisualStudioVersion = 17.3.32804.467
MinimumVisualStudioVersion = 10.0.40219.1
Project("{FAE04EC0-301F-11D3-BF4B-00C04F79EFBC}") = "SOS.Blazor.Api", "SOS.Blazor.Api\SOS.Blazor.Api.csproj", "{7339A26C-9C50-4176-90D5-E4D13EC4C84E}"
EndProject
Project("{FAE04EC0-301F-11D3-BF4B-00C04F79EFBC}") = "SOS.Blazor.Client", "SOS.Blazor.Client\SOS.Blazor.Client.csproj", "{8A6440F1-E959-408E-BC08-98F1B5848C6E}"
EndProject
Project("{FAE04EC0-301F-11D3-BF4B-00C04F79EFBC}") = "SOS.Blazor.Shared", "SOS.Blazor.Shared\SOS.Blazor.Shared.csproj", "{B4E9B5B0-93D4-4C9B-B54E-F8EC9885487A}"
EndProject
Global
	GlobalSection(SolutionConfigurationPlatforms) = preSolution
		Debug|Any CPU = Debug|Any CPU
		Release|Any CPU = Release|Any CPU
	EndGlobalSection
	GlobalSection(ProjectConfigurationPlatforms) = postSolution
		{7339A26C-9C50-4176-90D5-E4D13EC4C84E}.Debug|Any CPU.ActiveCfg = Debug|Any CPU
		{7339A26C-9C50-4176-90D5-E4D13EC4C84E}.Debug|Any CPU.Build.0 = Debug|Any CPU
		{7339A26C-9C50-4176-90D5-E4D13EC4C84E}.Release|Any CPU.ActiveCfg = Release|Any CPU
		{7339A26C-9C50-4176-90D5-E4D13EC4C84E}.Release|Any CPU.Build.0 = Release|Any CPU
		{8A6440F1-E959-408E-BC08-98F1B5848C6E}.Debug|Any CPU.ActiveCfg = Debug|Any CPU
		{8A6440F1-E959-408E-BC08-98F1B5848C6E}.Debug|Any CPU.Build.0 = Debug|Any CPU
		{8A6440F1-E959-408E-BC08-98F1B5848C6E}.Release|Any CPU.ActiveCfg = Release|Any CPU
		{8A6440F1-E959-408E-BC08-98F1B5848C6E}.Release|Any CPU.Build.0 = Release|Any CPU
		{B4E9B5B0-93D4-4C9B-B54E-F8EC9885487A}.Debug|Any CPU.ActiveCfg = Debug|Any CPU
		{B4E9B5B0-93D4-4C9B-B54E-F8EC9885487A}.Debug|Any CPU.Build.0 = Debug|Any CPU
		{B4E9B5B0-93D4-4C9B-B54E-F8EC9885487A}.Release|Any CPU.ActiveCfg = Release|Any CPU
		{B4E9B5B0-93D4-4C9B-B54E-F8EC9885487A}.Release|Any CPU.Build.0 = Release|Any CPU
	EndGlobalSection
	GlobalSection(SolutionProperties) = preSolution
		HideSolutionNode = FALSE
	EndGlobalSection
	GlobalSection(ExtensibilityGlobals) = postSolution
		SolutionGuid = {C19209E2-CF98-4523-A5C4-F1C7DFD155B8}
	EndGlobalSection
EndGlobal
