
Microsoft Visual Studio Solution File, Format Version 12.00
# Visual Studio Version 17
VisualStudioVersion = 17.3.32811.315
MinimumVisualStudioVersion = 10.0.40219.1
Project("{9A19103F-16F7-4668-BE54-9A1E7A4F7556}") = "SOS.Analysis.Api", "SOS.Analysis.Api\SOS.Analysis.Api.csproj", "{934DB5A2-474C-4FD0-9741-440B3DC1879E}"
EndProject
Project("{9A19103F-16F7-4668-BE54-9A1E7A4F7556}") = "SOS.Lib", "SOS.lib\SOS.Lib.csproj", "{94462E6B-0D05-4DD8-9A7C-9E2343CF23D9}"
EndProject
Global
	GlobalSection(SolutionConfigurationPlatforms) = preSolution
		Debug|Any CPU = Debug|Any CPU
		Release|Any CPU = Release|Any CPU
	EndGlobalSection
	GlobalSection(ProjectConfigurationPlatforms) = postSolution
		{934DB5A2-474C-4FD0-9741-440B3DC1879E}.Debug|Any CPU.ActiveCfg = Debug|Any CPU
		{934DB5A2-474C-4FD0-9741-440B3DC1879E}.Debug|Any CPU.Build.0 = Debug|Any CPU
		{934DB5A2-474C-4FD0-9741-440B3DC1879E}.Release|Any CPU.ActiveCfg = Release|Any CPU
		{934DB5A2-474C-4FD0-9741-440B3DC1879E}.Release|Any CPU.Build.0 = Release|Any CPU
		{94462E6B-0D05-4DD8-9A7C-9E2343CF23D9}.Debug|Any CPU.ActiveCfg = Debug|Any CPU
		{94462E6B-0D05-4DD8-9A7C-9E2343CF23D9}.Debug|Any CPU.Build.0 = Debug|Any CPU
		{94462E6B-0D05-4DD8-9A7C-9E2343CF23D9}.Release|Any CPU.ActiveCfg = Release|Any CPU
		{94462E6B-0D05-4DD8-9A7C-9E2343CF23D9}.Release|Any CPU.Build.0 = Release|Any CPU
	EndGlobalSection
	GlobalSection(SolutionProperties) = preSolution
		HideSolutionNode = FALSE
	EndGlobalSection
	GlobalSection(ExtensibilityGlobals) = postSolution
		SolutionGuid = {03935E9F-68E5-4AD6-AD67-99823C138828}
	EndGlobalSection
EndGlobal
